
Microsoft Visual Studio Solution File, Format Version 12.00
# Visual Studio Version 16
VisualStudioVersion = 25.0.1706.1
MinimumVisualStudioVersion = 10.0.40219.1
Project("{FAE04EC0-301F-11D3-BF4B-00C04F79EFBC}") = "LinkedLists", "LinkedLists\LinkedLists.csproj", "{EC56AE8B-11BA-4B84-A0B4-E6C2AC993FAF}"
EndProject
Project("{FAE04EC0-301F-11D3-BF4B-00C04F79EFBC}") = "Trees", "Trees\Trees.csproj", "{65AF3D3A-CCD0-4BB3-9487-C766ECE4B0C4}"
EndProject
Project("{FAE04EC0-301F-11D3-BF4B-00C04F79EFBC}") = "Graphs", "Graphs\Graphs.csproj", "{5532AF88-4FC0-490E-B91B-500509F836EF}"
EndProject
Project("{FAE04EC0-301F-11D3-BF4B-00C04F79EFBC}") = "Sets", "Sets\Sets.csproj", "{B29BC62B-7657-48C4-A5BE-4130FEA0F73E}"
EndProject
Project("{FAE04EC0-301F-11D3-BF4B-00C04F79EFBC}") = "UnitTests", "UnitTests\UnitTests.csproj", "{0953BE34-5B25-4BE0-BF0E-5B91AFEEF918}"
EndProject
Project("{FAE04EC0-301F-11D3-BF4B-00C04F79EFBC}") = "Maps", "Maps\Maps.csproj", "{06690C40-7594-479A-8832-1B63DD42B3A4}"
EndProject
Global
	GlobalSection(SolutionConfigurationPlatforms) = preSolution
		Debug|Any CPU = Debug|Any CPU
		Release|Any CPU = Release|Any CPU
	EndGlobalSection
	GlobalSection(ProjectConfigurationPlatforms) = postSolution
		{EC56AE8B-11BA-4B84-A0B4-E6C2AC993FAF}.Debug|Any CPU.ActiveCfg = Debug|Any CPU
		{EC56AE8B-11BA-4B84-A0B4-E6C2AC993FAF}.Debug|Any CPU.Build.0 = Debug|Any CPU
		{EC56AE8B-11BA-4B84-A0B4-E6C2AC993FAF}.Release|Any CPU.ActiveCfg = Release|Any CPU
		{EC56AE8B-11BA-4B84-A0B4-E6C2AC993FAF}.Release|Any CPU.Build.0 = Release|Any CPU
		{65AF3D3A-CCD0-4BB3-9487-C766ECE4B0C4}.Debug|Any CPU.ActiveCfg = Debug|Any CPU
		{65AF3D3A-CCD0-4BB3-9487-C766ECE4B0C4}.Debug|Any CPU.Build.0 = Debug|Any CPU
		{65AF3D3A-CCD0-4BB3-9487-C766ECE4B0C4}.Release|Any CPU.ActiveCfg = Release|Any CPU
		{65AF3D3A-CCD0-4BB3-9487-C766ECE4B0C4}.Release|Any CPU.Build.0 = Release|Any CPU
		{5532AF88-4FC0-490E-B91B-500509F836EF}.Debug|Any CPU.ActiveCfg = Debug|Any CPU
		{5532AF88-4FC0-490E-B91B-500509F836EF}.Debug|Any CPU.Build.0 = Debug|Any CPU
		{5532AF88-4FC0-490E-B91B-500509F836EF}.Release|Any CPU.ActiveCfg = Release|Any CPU
		{5532AF88-4FC0-490E-B91B-500509F836EF}.Release|Any CPU.Build.0 = Release|Any CPU
		{B29BC62B-7657-48C4-A5BE-4130FEA0F73E}.Debug|Any CPU.ActiveCfg = Debug|Any CPU
		{B29BC62B-7657-48C4-A5BE-4130FEA0F73E}.Debug|Any CPU.Build.0 = Debug|Any CPU
		{B29BC62B-7657-48C4-A5BE-4130FEA0F73E}.Release|Any CPU.ActiveCfg = Release|Any CPU
		{B29BC62B-7657-48C4-A5BE-4130FEA0F73E}.Release|Any CPU.Build.0 = Release|Any CPU
		{0953BE34-5B25-4BE0-BF0E-5B91AFEEF918}.Debug|Any CPU.ActiveCfg = Debug|Any CPU
		{0953BE34-5B25-4BE0-BF0E-5B91AFEEF918}.Debug|Any CPU.Build.0 = Debug|Any CPU
		{0953BE34-5B25-4BE0-BF0E-5B91AFEEF918}.Release|Any CPU.ActiveCfg = Release|Any CPU
		{0953BE34-5B25-4BE0-BF0E-5B91AFEEF918}.Release|Any CPU.Build.0 = Release|Any CPU
		{06690C40-7594-479A-8832-1B63DD42B3A4}.Debug|Any CPU.ActiveCfg = Debug|Any CPU
		{06690C40-7594-479A-8832-1B63DD42B3A4}.Debug|Any CPU.Build.0 = Debug|Any CPU
		{06690C40-7594-479A-8832-1B63DD42B3A4}.Release|Any CPU.ActiveCfg = Release|Any CPU
		{06690C40-7594-479A-8832-1B63DD42B3A4}.Release|Any CPU.Build.0 = Release|Any CPU
	EndGlobalSection
	GlobalSection(SolutionProperties) = preSolution
		HideSolutionNode = FALSE
	EndGlobalSection
	GlobalSection(ExtensibilityGlobals) = postSolution
		SolutionGuid = {4A8C116B-1600-4957-BB94-686E341990E6}
	EndGlobalSection
EndGlobal
